// !$*UTF8*$!
{
	archiveVersion = 1;
	classes = {
	};
	objectVersion = 55;
	objects = {

/* Begin PBXBuildFile section */
		D1C1E9C82778B67E00CC632B /* ClueApp.swift in Sources */ = {isa = PBXBuildFile; fileRef = D1C1E9C72778B67E00CC632B /* ClueApp.swift */; };
		D1C1E9CA2778B67E00CC632B /* ContentView.swift in Sources */ = {isa = PBXBuildFile; fileRef = D1C1E9C92778B67E00CC632B /* ContentView.swift */; };
		D1C1E9CC2778B68000CC632B /* Assets.xcassets in Resources */ = {isa = PBXBuildFile; fileRef = D1C1E9CB2778B68000CC632B /* Assets.xcassets */; };
		D1C1E9CF2778B68000CC632B /* Preview Assets.xcassets in Resources */ = {isa = PBXBuildFile; fileRef = D1C1E9CE2778B68000CC632B /* Preview Assets.xcassets */; };
		D1C1E9D92778B68000CC632B /* ClueTests.swift in Sources */ = {isa = PBXBuildFile; fileRef = D1C1E9D82778B68000CC632B /* ClueTests.swift */; };
		D1C1E9E32778B68000CC632B /* ClueUITests.swift in Sources */ = {isa = PBXBuildFile; fileRef = D1C1E9E22778B68000CC632B /* ClueUITests.swift */; };
		D1C1E9E52778B68000CC632B /* ClueUITestsLaunchTests.swift in Sources */ = {isa = PBXBuildFile; fileRef = D1C1E9E42778B68000CC632B /* ClueUITestsLaunchTests.swift */; };
		D1C1E9F22778B81B00CC632B /* Game.swift in Sources */ = {isa = PBXBuildFile; fileRef = D1C1E9F12778B81B00CC632B /* Game.swift */; };
		D1C1E9F42778BD7200CC632B /* SheetView.swift in Sources */ = {isa = PBXBuildFile; fileRef = D1C1E9F32778BD7200CC632B /* SheetView.swift */; };
		D1C1E9F72778BD9300CC632B /* CardView.swift in Sources */ = {isa = PBXBuildFile; fileRef = D1C1E9F62778BD9300CC632B /* CardView.swift */; };
		D1C1E9F92778BE0900CC632B /* NewGameView.swift in Sources */ = {isa = PBXBuildFile; fileRef = D1C1E9F82778BE0900CC632B /* NewGameView.swift */; };
		D1C1E9FB277901C600CC632B /* TurnView.swift in Sources */ = {isa = PBXBuildFile; fileRef = D1C1E9FA277901C600CC632B /* TurnView.swift */; };
		D1C1E9FD277A41CC00CC632B /* TurnsView.swift in Sources */ = {isa = PBXBuildFile; fileRef = D1C1E9FC277A41CC00CC632B /* TurnsView.swift */; };
		D1C1E9FF277A42B800CC632B /* AddTurnView.swift in Sources */ = {isa = PBXBuildFile; fileRef = D1C1E9FE277A42B800CC632B /* AddTurnView.swift */; };
		D1C1EA01277AA78100CC632B /* Card.swift in Sources */ = {isa = PBXBuildFile; fileRef = D1C1EA00277AA78100CC632B /* Card.swift */; };
		D1C1EA04277AA86800CC632B /* Turn.swift in Sources */ = {isa = PBXBuildFile; fileRef = D1C1EA03277AA86800CC632B /* Turn.swift */; };
		D1C1EA06277AA87800CC632B /* CardType.swift in Sources */ = {isa = PBXBuildFile; fileRef = D1C1EA05277AA87800CC632B /* CardType.swift */; };
		D1C1EA0A277AAEE200CC632B /* SelectCardsView.swift in Sources */ = {isa = PBXBuildFile; fileRef = D1C1EA09277AAEE200CC632B /* SelectCardsView.swift */; };
/* End PBXBuildFile section */

/* Begin PBXContainerItemProxy section */
		D1C1E9D52778B68000CC632B /* PBXContainerItemProxy */ = {
			isa = PBXContainerItemProxy;
			containerPortal = D1C1E9BC2778B67E00CC632B /* Project object */;
			proxyType = 1;
			remoteGlobalIDString = D1C1E9C32778B67E00CC632B;
			remoteInfo = Clue;
		};
		D1C1E9DF2778B68000CC632B /* PBXContainerItemProxy */ = {
			isa = PBXContainerItemProxy;
			containerPortal = D1C1E9BC2778B67E00CC632B /* Project object */;
			proxyType = 1;
			remoteGlobalIDString = D1C1E9C32778B67E00CC632B;
			remoteInfo = Clue;
		};
/* End PBXContainerItemProxy section */

/* Begin PBXFileReference section */
		D1C1E9C42778B67E00CC632B /* Clue.app */ = {isa = PBXFileReference; explicitFileType = wrapper.application; includeInIndex = 0; path = Clue.app; sourceTree = BUILT_PRODUCTS_DIR; };
		D1C1E9C72778B67E00CC632B /* ClueApp.swift */ = {isa = PBXFileReference; lastKnownFileType = sourcecode.swift; path = ClueApp.swift; sourceTree = "<group>"; };
		D1C1E9C92778B67E00CC632B /* ContentView.swift */ = {isa = PBXFileReference; lastKnownFileType = sourcecode.swift; path = ContentView.swift; sourceTree = "<group>"; };
		D1C1E9CB2778B68000CC632B /* Assets.xcassets */ = {isa = PBXFileReference; lastKnownFileType = folder.assetcatalog; path = Assets.xcassets; sourceTree = "<group>"; };
		D1C1E9CE2778B68000CC632B /* Preview Assets.xcassets */ = {isa = PBXFileReference; lastKnownFileType = folder.assetcatalog; path = "Preview Assets.xcassets"; sourceTree = "<group>"; };
		D1C1E9D42778B68000CC632B /* ClueTests.xctest */ = {isa = PBXFileReference; explicitFileType = wrapper.cfbundle; includeInIndex = 0; path = ClueTests.xctest; sourceTree = BUILT_PRODUCTS_DIR; };
		D1C1E9D82778B68000CC632B /* ClueTests.swift */ = {isa = PBXFileReference; lastKnownFileType = sourcecode.swift; path = ClueTests.swift; sourceTree = "<group>"; };
		D1C1E9DE2778B68000CC632B /* ClueUITests.xctest */ = {isa = PBXFileReference; explicitFileType = wrapper.cfbundle; includeInIndex = 0; path = ClueUITests.xctest; sourceTree = BUILT_PRODUCTS_DIR; };
		D1C1E9E22778B68000CC632B /* ClueUITests.swift */ = {isa = PBXFileReference; lastKnownFileType = sourcecode.swift; path = ClueUITests.swift; sourceTree = "<group>"; };
		D1C1E9E42778B68000CC632B /* ClueUITestsLaunchTests.swift */ = {isa = PBXFileReference; lastKnownFileType = sourcecode.swift; path = ClueUITestsLaunchTests.swift; sourceTree = "<group>"; };
		D1C1E9F12778B81B00CC632B /* Game.swift */ = {isa = PBXFileReference; lastKnownFileType = sourcecode.swift; path = Game.swift; sourceTree = "<group>"; };
		D1C1E9F32778BD7200CC632B /* SheetView.swift */ = {isa = PBXFileReference; lastKnownFileType = sourcecode.swift; path = SheetView.swift; sourceTree = "<group>"; };
		D1C1E9F62778BD9300CC632B /* CardView.swift */ = {isa = PBXFileReference; lastKnownFileType = sourcecode.swift; path = CardView.swift; sourceTree = "<group>"; };
		D1C1E9F82778BE0900CC632B /* NewGameView.swift */ = {isa = PBXFileReference; lastKnownFileType = sourcecode.swift; path = NewGameView.swift; sourceTree = "<group>"; };
		D1C1E9FA277901C600CC632B /* TurnView.swift */ = {isa = PBXFileReference; lastKnownFileType = sourcecode.swift; path = TurnView.swift; sourceTree = "<group>"; };
		D1C1E9FC277A41CC00CC632B /* TurnsView.swift */ = {isa = PBXFileReference; lastKnownFileType = sourcecode.swift; path = TurnsView.swift; sourceTree = "<group>"; };
		D1C1E9FE277A42B800CC632B /* AddTurnView.swift */ = {isa = PBXFileReference; lastKnownFileType = sourcecode.swift; path = AddTurnView.swift; sourceTree = "<group>"; };
		D1C1EA00277AA78100CC632B /* Card.swift */ = {isa = PBXFileReference; lastKnownFileType = sourcecode.swift; path = Card.swift; sourceTree = "<group>"; };
		D1C1EA03277AA86800CC632B /* Turn.swift */ = {isa = PBXFileReference; lastKnownFileType = sourcecode.swift; path = Turn.swift; sourceTree = "<group>"; };
		D1C1EA05277AA87800CC632B /* CardType.swift */ = {isa = PBXFileReference; lastKnownFileType = sourcecode.swift; path = CardType.swift; sourceTree = "<group>"; };
		D1C1EA09277AAEE200CC632B /* SelectCardsView.swift */ = {isa = PBXFileReference; lastKnownFileType = sourcecode.swift; path = SelectCardsView.swift; sourceTree = "<group>"; };
/* End PBXFileReference section */

/* Begin PBXFrameworksBuildPhase section */
		D1C1E9C12778B67E00CC632B /* Frameworks */ = {
			isa = PBXFrameworksBuildPhase;
			buildActionMask = 2147483647;
			files = (
			);
			runOnlyForDeploymentPostprocessing = 0;
		};
		D1C1E9D12778B68000CC632B /* Frameworks */ = {
			isa = PBXFrameworksBuildPhase;
			buildActionMask = 2147483647;
			files = (
			);
			runOnlyForDeploymentPostprocessing = 0;
		};
		D1C1E9DB2778B68000CC632B /* Frameworks */ = {
			isa = PBXFrameworksBuildPhase;
			buildActionMask = 2147483647;
			files = (
			);
			runOnlyForDeploymentPostprocessing = 0;
		};
/* End PBXFrameworksBuildPhase section */

/* Begin PBXGroup section */
		D1C1E9BB2778B67E00CC632B = {
			isa = PBXGroup;
			children = (
				D1C1E9C62778B67E00CC632B /* Clue */,
				D1C1E9D72778B68000CC632B /* ClueTests */,
				D1C1E9E12778B68000CC632B /* ClueUITests */,
				D1C1E9C52778B67E00CC632B /* Products */,
			);
			sourceTree = "<group>";
		};
		D1C1E9C52778B67E00CC632B /* Products */ = {
			isa = PBXGroup;
			children = (
				D1C1E9C42778B67E00CC632B /* Clue.app */,
				D1C1E9D42778B68000CC632B /* ClueTests.xctest */,
				D1C1E9DE2778B68000CC632B /* ClueUITests.xctest */,
			);
			name = Products;
			sourceTree = "<group>";
		};
		D1C1E9C62778B67E00CC632B /* Clue */ = {
			isa = PBXGroup;
			children = (
				D1C1E9C72778B67E00CC632B /* ClueApp.swift */,
				D1C1E9F52778BD8800CC632B /* Views */,
				D1C1EA02277AA86200CC632B /* Game */,
				D1C1E9CB2778B68000CC632B /* Assets.xcassets */,
				D1C1E9CD2778B68000CC632B /* Preview Content */,
			);
			path = Clue;
			sourceTree = "<group>";
		};
		D1C1E9CD2778B68000CC632B /* Preview Content */ = {
			isa = PBXGroup;
			children = (
				D1C1E9CE2778B68000CC632B /* Preview Assets.xcassets */,
			);
			path = "Preview Content";
			sourceTree = "<group>";
		};
		D1C1E9D72778B68000CC632B /* ClueTests */ = {
			isa = PBXGroup;
			children = (
				D1C1E9D82778B68000CC632B /* ClueTests.swift */,
			);
			path = ClueTests;
			sourceTree = "<group>";
		};
		D1C1E9E12778B68000CC632B /* ClueUITests */ = {
			isa = PBXGroup;
			children = (
				D1C1E9E22778B68000CC632B /* ClueUITests.swift */,
				D1C1E9E42778B68000CC632B /* ClueUITestsLaunchTests.swift */,
			);
			path = ClueUITests;
			sourceTree = "<group>";
		};
		D1C1E9F52778BD8800CC632B /* Views */ = {
			isa = PBXGroup;
			children = (
				D1C1E9F62778BD9300CC632B /* CardView.swift */,
				D1C1E9C92778B67E00CC632B /* ContentView.swift */,
				D1C1EA09277AAEE200CC632B /* SelectCardsView.swift */,
				D1C1E9F82778BE0900CC632B /* NewGameView.swift */,
				D1C1E9FA277901C600CC632B /* TurnView.swift */,
				D1C1E9FC277A41CC00CC632B /* TurnsView.swift */,
				D1C1E9FE277A42B800CC632B /* AddTurnView.swift */,
				D1C1E9F32778BD7200CC632B /* SheetView.swift */,
			);
			path = Views;
			sourceTree = "<group>";
		};
		D1C1EA02277AA86200CC632B /* Game */ = {
			isa = PBXGroup;
			children = (
				D1C1EA00277AA78100CC632B /* Card.swift */,
				D1C1EA05277AA87800CC632B /* CardType.swift */,
				D1C1E9F12778B81B00CC632B /* Game.swift */,
				D1C1EA03277AA86800CC632B /* Turn.swift */,
			);
			path = Game;
			sourceTree = "<group>";
		};
/* End PBXGroup section */

/* Begin PBXNativeTarget section */
		D1C1E9C32778B67E00CC632B /* Clue */ = {
			isa = PBXNativeTarget;
			buildConfigurationList = D1C1E9E82778B68000CC632B /* Build configuration list for PBXNativeTarget "Clue" */;
			buildPhases = (
				D1C1E9C02778B67E00CC632B /* Sources */,
				D1C1E9C12778B67E00CC632B /* Frameworks */,
				D1C1E9C22778B67E00CC632B /* Resources */,
			);
			buildRules = (
			);
			dependencies = (
			);
			name = Clue;
			productName = Clue;
			productReference = D1C1E9C42778B67E00CC632B /* Clue.app */;
			productType = "com.apple.product-type.application";
		};
		D1C1E9D32778B68000CC632B /* ClueTests */ = {
			isa = PBXNativeTarget;
			buildConfigurationList = D1C1E9EB2778B68000CC632B /* Build configuration list for PBXNativeTarget "ClueTests" */;
			buildPhases = (
				D1C1E9D02778B68000CC632B /* Sources */,
				D1C1E9D12778B68000CC632B /* Frameworks */,
				D1C1E9D22778B68000CC632B /* Resources */,
			);
			buildRules = (
			);
			dependencies = (
				D1C1E9D62778B68000CC632B /* PBXTargetDependency */,
			);
			name = ClueTests;
			productName = ClueTests;
			productReference = D1C1E9D42778B68000CC632B /* ClueTests.xctest */;
			productType = "com.apple.product-type.bundle.unit-test";
		};
		D1C1E9DD2778B68000CC632B /* ClueUITests */ = {
			isa = PBXNativeTarget;
			buildConfigurationList = D1C1E9EE2778B68000CC632B /* Build configuration list for PBXNativeTarget "ClueUITests" */;
			buildPhases = (
				D1C1E9DA2778B68000CC632B /* Sources */,
				D1C1E9DB2778B68000CC632B /* Frameworks */,
				D1C1E9DC2778B68000CC632B /* Resources */,
			);
			buildRules = (
			);
			dependencies = (
				D1C1E9E02778B68000CC632B /* PBXTargetDependency */,
			);
			name = ClueUITests;
			productName = ClueUITests;
			productReference = D1C1E9DE2778B68000CC632B /* ClueUITests.xctest */;
			productType = "com.apple.product-type.bundle.ui-testing";
		};
/* End PBXNativeTarget section */

/* Begin PBXProject section */
		D1C1E9BC2778B67E00CC632B /* Project object */ = {
			isa = PBXProject;
			attributes = {
				BuildIndependentTargetsInParallel = 1;
				LastSwiftUpdateCheck = 1320;
				LastUpgradeCheck = 1320;
				TargetAttributes = {
					D1C1E9C32778B67E00CC632B = {
						CreatedOnToolsVersion = 13.2;
					};
					D1C1E9D32778B68000CC632B = {
						CreatedOnToolsVersion = 13.2;
						TestTargetID = D1C1E9C32778B67E00CC632B;
					};
					D1C1E9DD2778B68000CC632B = {
						CreatedOnToolsVersion = 13.2;
						TestTargetID = D1C1E9C32778B67E00CC632B;
					};
				};
			};
			buildConfigurationList = D1C1E9BF2778B67E00CC632B /* Build configuration list for PBXProject "Clue" */;
			compatibilityVersion = "Xcode 13.0";
			developmentRegion = en;
			hasScannedForEncodings = 0;
			knownRegions = (
				en,
				Base,
			);
			mainGroup = D1C1E9BB2778B67E00CC632B;
			productRefGroup = D1C1E9C52778B67E00CC632B /* Products */;
			projectDirPath = "";
			projectRoot = "";
			targets = (
				D1C1E9C32778B67E00CC632B /* Clue */,
				D1C1E9D32778B68000CC632B /* ClueTests */,
				D1C1E9DD2778B68000CC632B /* ClueUITests */,
			);
		};
/* End PBXProject section */

/* Begin PBXResourcesBuildPhase section */
		D1C1E9C22778B67E00CC632B /* Resources */ = {
			isa = PBXResourcesBuildPhase;
			buildActionMask = 2147483647;
			files = (
				D1C1E9CF2778B68000CC632B /* Preview Assets.xcassets in Resources */,
				D1C1E9CC2778B68000CC632B /* Assets.xcassets in Resources */,
			);
			runOnlyForDeploymentPostprocessing = 0;
		};
		D1C1E9D22778B68000CC632B /* Resources */ = {
			isa = PBXResourcesBuildPhase;
			buildActionMask = 2147483647;
			files = (
			);
			runOnlyForDeploymentPostprocessing = 0;
		};
		D1C1E9DC2778B68000CC632B /* Resources */ = {
			isa = PBXResourcesBuildPhase;
			buildActionMask = 2147483647;
			files = (
			);
			runOnlyForDeploymentPostprocessing = 0;
		};
/* End PBXResourcesBuildPhase section */

/* Begin PBXSourcesBuildPhase section */
		D1C1E9C02778B67E00CC632B /* Sources */ = {
			isa = PBXSourcesBuildPhase;
			buildActionMask = 2147483647;
			files = (
				D1C1EA0A277AAEE200CC632B /* SelectCardsView.swift in Sources */,
				D1C1E9F22778B81B00CC632B /* Game.swift in Sources */,
				D1C1E9FF277A42B800CC632B /* AddTurnView.swift in Sources */,
				D1C1E9FD277A41CC00CC632B /* TurnsView.swift in Sources */,
				D1C1E9CA2778B67E00CC632B /* ContentView.swift in Sources */,
				D1C1E9F42778BD7200CC632B /* SheetView.swift in Sources */,
				D1C1EA06277AA87800CC632B /* CardType.swift in Sources */,
				D1C1E9F72778BD9300CC632B /* CardView.swift in Sources */,
				D1C1E9FB277901C600CC632B /* TurnView.swift in Sources */,
				D1C1EA01277AA78100CC632B /* Card.swift in Sources */,
				D1C1EA04277AA86800CC632B /* Turn.swift in Sources */,
				D1C1E9C82778B67E00CC632B /* ClueApp.swift in Sources */,
				D1C1E9F92778BE0900CC632B /* NewGameView.swift in Sources */,
			);
			runOnlyForDeploymentPostprocessing = 0;
		};
		D1C1E9D02778B68000CC632B /* Sources */ = {
			isa = PBXSourcesBuildPhase;
			buildActionMask = 2147483647;
			files = (
				D1C1E9D92778B68000CC632B /* ClueTests.swift in Sources */,
			);
			runOnlyForDeploymentPostprocessing = 0;
		};
		D1C1E9DA2778B68000CC632B /* Sources */ = {
			isa = PBXSourcesBuildPhase;
			buildActionMask = 2147483647;
			files = (
				D1C1E9E32778B68000CC632B /* ClueUITests.swift in Sources */,
				D1C1E9E52778B68000CC632B /* ClueUITestsLaunchTests.swift in Sources */,
			);
			runOnlyForDeploymentPostprocessing = 0;
		};
/* End PBXSourcesBuildPhase section */

/* Begin PBXTargetDependency section */
		D1C1E9D62778B68000CC632B /* PBXTargetDependency */ = {
			isa = PBXTargetDependency;
			target = D1C1E9C32778B67E00CC632B /* Clue */;
			targetProxy = D1C1E9D52778B68000CC632B /* PBXContainerItemProxy */;
		};
		D1C1E9E02778B68000CC632B /* PBXTargetDependency */ = {
			isa = PBXTargetDependency;
			target = D1C1E9C32778B67E00CC632B /* Clue */;
			targetProxy = D1C1E9DF2778B68000CC632B /* PBXContainerItemProxy */;
		};
/* End PBXTargetDependency section */

/* Begin XCBuildConfiguration section */
		D1C1E9E62778B68000CC632B /* Debug */ = {
			isa = XCBuildConfiguration;
			buildSettings = {
				ALWAYS_SEARCH_USER_PATHS = NO;
				CLANG_ANALYZER_NONNULL = YES;
				CLANG_ANALYZER_NUMBER_OBJECT_CONVERSION = YES_AGGRESSIVE;
				CLANG_CXX_LANGUAGE_STANDARD = "gnu++17";
				CLANG_CXX_LIBRARY = "libc++";
				CLANG_ENABLE_MODULES = YES;
				CLANG_ENABLE_OBJC_ARC = YES;
				CLANG_ENABLE_OBJC_WEAK = YES;
				CLANG_WARN_BLOCK_CAPTURE_AUTORELEASING = YES;
				CLANG_WARN_BOOL_CONVERSION = YES;
				CLANG_WARN_COMMA = YES;
				CLANG_WARN_CONSTANT_CONVERSION = YES;
				CLANG_WARN_DEPRECATED_OBJC_IMPLEMENTATIONS = YES;
				CLANG_WARN_DIRECT_OBJC_ISA_USAGE = YES_ERROR;
				CLANG_WARN_DOCUMENTATION_COMMENTS = YES;
				CLANG_WARN_EMPTY_BODY = YES;
				CLANG_WARN_ENUM_CONVERSION = YES;
				CLANG_WARN_INFINITE_RECURSION = YES;
				CLANG_WARN_INT_CONVERSION = YES;
				CLANG_WARN_NON_LITERAL_NULL_CONVERSION = YES;
				CLANG_WARN_OBJC_IMPLICIT_RETAIN_SELF = YES;
				CLANG_WARN_OBJC_LITERAL_CONVERSION = YES;
				CLANG_WARN_OBJC_ROOT_CLASS = YES_ERROR;
				CLANG_WARN_QUOTED_INCLUDE_IN_FRAMEWORK_HEADER = YES;
				CLANG_WARN_RANGE_LOOP_ANALYSIS = YES;
				CLANG_WARN_STRICT_PROTOTYPES = YES;
				CLANG_WARN_SUSPICIOUS_MOVE = YES;
				CLANG_WARN_UNGUARDED_AVAILABILITY = YES_AGGRESSIVE;
				CLANG_WARN_UNREACHABLE_CODE = YES;
				CLANG_WARN__DUPLICATE_METHOD_MATCH = YES;
				COPY_PHASE_STRIP = NO;
				DEBUG_INFORMATION_FORMAT = dwarf;
				ENABLE_STRICT_OBJC_MSGSEND = YES;
				ENABLE_TESTABILITY = YES;
				GCC_C_LANGUAGE_STANDARD = gnu11;
				GCC_DYNAMIC_NO_PIC = NO;
				GCC_NO_COMMON_BLOCKS = YES;
				GCC_OPTIMIZATION_LEVEL = 0;
				GCC_PREPROCESSOR_DEFINITIONS = (
					"DEBUG=1",
					"$(inherited)",
				);
				GCC_WARN_64_TO_32_BIT_CONVERSION = YES;
				GCC_WARN_ABOUT_RETURN_TYPE = YES_ERROR;
				GCC_WARN_UNDECLARED_SELECTOR = YES;
				GCC_WARN_UNINITIALIZED_AUTOS = YES_AGGRESSIVE;
				GCC_WARN_UNUSED_FUNCTION = YES;
				GCC_WARN_UNUSED_VARIABLE = YES;
				IPHONEOS_DEPLOYMENT_TARGET = 15.2;
				MTL_ENABLE_DEBUG_INFO = INCLUDE_SOURCE;
				MTL_FAST_MATH = YES;
				ONLY_ACTIVE_ARCH = YES;
				SDKROOT = iphoneos;
				SWIFT_ACTIVE_COMPILATION_CONDITIONS = DEBUG;
				SWIFT_OPTIMIZATION_LEVEL = "-Onone";
			};
			name = Debug;
		};
		D1C1E9E72778B68000CC632B /* Release */ = {
			isa = XCBuildConfiguration;
			buildSettings = {
				ALWAYS_SEARCH_USER_PATHS = NO;
				CLANG_ANALYZER_NONNULL = YES;
				CLANG_ANALYZER_NUMBER_OBJECT_CONVERSION = YES_AGGRESSIVE;
				CLANG_CXX_LANGUAGE_STANDARD = "gnu++17";
				CLANG_CXX_LIBRARY = "libc++";
				CLANG_ENABLE_MODULES = YES;
				CLANG_ENABLE_OBJC_ARC = YES;
				CLANG_ENABLE_OBJC_WEAK = YES;
				CLANG_WARN_BLOCK_CAPTURE_AUTORELEASING = YES;
				CLANG_WARN_BOOL_CONVERSION = YES;
				CLANG_WARN_COMMA = YES;
				CLANG_WARN_CONSTANT_CONVERSION = YES;
				CLANG_WARN_DEPRECATED_OBJC_IMPLEMENTATIONS = YES;
				CLANG_WARN_DIRECT_OBJC_ISA_USAGE = YES_ERROR;
				CLANG_WARN_DOCUMENTATION_COMMENTS = YES;
				CLANG_WARN_EMPTY_BODY = YES;
				CLANG_WARN_ENUM_CONVERSION = YES;
				CLANG_WARN_INFINITE_RECURSION = YES;
				CLANG_WARN_INT_CONVERSION = YES;
				CLANG_WARN_NON_LITERAL_NULL_CONVERSION = YES;
				CLANG_WARN_OBJC_IMPLICIT_RETAIN_SELF = YES;
				CLANG_WARN_OBJC_LITERAL_CONVERSION = YES;
				CLANG_WARN_OBJC_ROOT_CLASS = YES_ERROR;
				CLANG_WARN_QUOTED_INCLUDE_IN_FRAMEWORK_HEADER = YES;
				CLANG_WARN_RANGE_LOOP_ANALYSIS = YES;
				CLANG_WARN_STRICT_PROTOTYPES = YES;
				CLANG_WARN_SUSPICIOUS_MOVE = YES;
				CLANG_WARN_UNGUARDED_AVAILABILITY = YES_AGGRESSIVE;
				CLANG_WARN_UNREACHABLE_CODE = YES;
				CLANG_WARN__DUPLICATE_METHOD_MATCH = YES;
				COPY_PHASE_STRIP = NO;
				DEBUG_INFORMATION_FORMAT = "dwarf-with-dsym";
				ENABLE_NS_ASSERTIONS = NO;
				ENABLE_STRICT_OBJC_MSGSEND = YES;
				GCC_C_LANGUAGE_STANDARD = gnu11;
				GCC_NO_COMMON_BLOCKS = YES;
				GCC_WARN_64_TO_32_BIT_CONVERSION = YES;
				GCC_WARN_ABOUT_RETURN_TYPE = YES_ERROR;
				GCC_WARN_UNDECLARED_SELECTOR = YES;
				GCC_WARN_UNINITIALIZED_AUTOS = YES_AGGRESSIVE;
				GCC_WARN_UNUSED_FUNCTION = YES;
				GCC_WARN_UNUSED_VARIABLE = YES;
				IPHONEOS_DEPLOYMENT_TARGET = 15.2;
				MTL_ENABLE_DEBUG_INFO = NO;
				MTL_FAST_MATH = YES;
				SDKROOT = iphoneos;
				SWIFT_COMPILATION_MODE = wholemodule;
				SWIFT_OPTIMIZATION_LEVEL = "-O";
				VALIDATE_PRODUCT = YES;
			};
			name = Release;
		};
		D1C1E9E92778B68000CC632B /* Debug */ = {
			isa = XCBuildConfiguration;
			buildSettings = {
				ASSETCATALOG_COMPILER_APPICON_NAME = AppIcon;
				ASSETCATALOG_COMPILER_GLOBAL_ACCENT_COLOR_NAME = AccentColor;
				CODE_SIGN_STYLE = Automatic;
				CURRENT_PROJECT_VERSION = 1;
				DEVELOPMENT_ASSET_PATHS = "\"Clue/Preview Content\"";
				ENABLE_PREVIEWS = YES;
				GENERATE_INFOPLIST_FILE = YES;
				INFOPLIST_KEY_UIApplicationSceneManifest_Generation = YES;
				INFOPLIST_KEY_UIApplicationSupportsIndirectInputEvents = YES;
				INFOPLIST_KEY_UILaunchScreen_Generation = YES;
				INFOPLIST_KEY_UISupportedInterfaceOrientations_iPad = "UIInterfaceOrientationPortrait UIInterfaceOrientationPortraitUpsideDown UIInterfaceOrientationLandscapeLeft UIInterfaceOrientationLandscapeRight";
				INFOPLIST_KEY_UISupportedInterfaceOrientations_iPhone = "UIInterfaceOrientationPortrait UIInterfaceOrientationLandscapeLeft UIInterfaceOrientationLandscapeRight";
				LD_RUNPATH_SEARCH_PATHS = (
					"$(inherited)",
					"@executable_path/Frameworks",
				);
				MARKETING_VERSION = 1.0;
				PRODUCT_BUNDLE_IDENTIFIER = com.logarithm.Clue;
				PRODUCT_NAME = "$(TARGET_NAME)";
				SWIFT_EMIT_LOC_STRINGS = YES;
				SWIFT_VERSION = 5.0;
				TARGETED_DEVICE_FAMILY = "1,2";
			};
			name = Debug;
		};
		D1C1E9EA2778B68000CC632B /* Release */ = {
			isa = XCBuildConfiguration;
			buildSettings = {
				ASSETCATALOG_COMPILER_APPICON_NAME = AppIcon;
				ASSETCATALOG_COMPILER_GLOBAL_ACCENT_COLOR_NAME = AccentColor;
				CODE_SIGN_STYLE = Automatic;
				CURRENT_PROJECT_VERSION = 1;
				DEVELOPMENT_ASSET_PATHS = "\"Clue/Preview Content\"";
				ENABLE_PREVIEWS = YES;
				GENERATE_INFOPLIST_FILE = YES;
				INFOPLIST_KEY_UIApplicationSceneManifest_Generation = YES;
				INFOPLIST_KEY_UIApplicationSupportsIndirectInputEvents = YES;
				INFOPLIST_KEY_UILaunchScreen_Generation = YES;
				INFOPLIST_KEY_UISupportedInterfaceOrientations_iPad = "UIInterfaceOrientationPortrait UIInterfaceOrientationPortraitUpsideDown UIInterfaceOrientationLandscapeLeft UIInterfaceOrientationLandscapeRight";
				INFOPLIST_KEY_UISupportedInterfaceOrientations_iPhone = "UIInterfaceOrientationPortrait UIInterfaceOrientationLandscapeLeft UIInterfaceOrientationLandscapeRight";
				LD_RUNPATH_SEARCH_PATHS = (
					"$(inherited)",
					"@executable_path/Frameworks",
				);
				MARKETING_VERSION = 1.0;
				PRODUCT_BUNDLE_IDENTIFIER = com.logarithm.Clue;
				PRODUCT_NAME = "$(TARGET_NAME)";
				SWIFT_EMIT_LOC_STRINGS = YES;
				SWIFT_VERSION = 5.0;
				TARGETED_DEVICE_FAMILY = "1,2";
			};
			name = Release;
		};
		D1C1E9EC2778B68000CC632B /* Debug */ = {
			isa = XCBuildConfiguration;
			buildSettings = {
				ALWAYS_EMBED_SWIFT_STANDARD_LIBRARIES = YES;
				BUNDLE_LOADER = "$(TEST_HOST)";
				CODE_SIGN_STYLE = Automatic;
				CURRENT_PROJECT_VERSION = 1;
				GENERATE_INFOPLIST_FILE = YES;
				IPHONEOS_DEPLOYMENT_TARGET = 15.2;
				MARKETING_VERSION = 1.0;
				PRODUCT_BUNDLE_IDENTIFIER = com.logarithm.ClueTests;
				PRODUCT_NAME = "$(TARGET_NAME)";
				SWIFT_EMIT_LOC_STRINGS = NO;
				SWIFT_VERSION = 5.0;
				TARGETED_DEVICE_FAMILY = "1,2";
				TEST_HOST = "$(BUILT_PRODUCTS_DIR)/Clue.app/Clue";
			};
			name = Debug;
		};
		D1C1E9ED2778B68000CC632B /* Release */ = {
			isa = XCBuildConfiguration;
			buildSettings = {
				ALWAYS_EMBED_SWIFT_STANDARD_LIBRARIES = YES;
				BUNDLE_LOADER = "$(TEST_HOST)";
				CODE_SIGN_STYLE = Automatic;
				CURRENT_PROJECT_VERSION = 1;
				GENERATE_INFOPLIST_FILE = YES;
				IPHONEOS_DEPLOYMENT_TARGET = 15.2;
				MARKETING_VERSION = 1.0;
				PRODUCT_BUNDLE_IDENTIFIER = com.logarithm.ClueTests;
				PRODUCT_NAME = "$(TARGET_NAME)";
				SWIFT_EMIT_LOC_STRINGS = NO;
				SWIFT_VERSION = 5.0;
				TARGETED_DEVICE_FAMILY = "1,2";
				TEST_HOST = "$(BUILT_PRODUCTS_DIR)/Clue.app/Clue";
			};
			name = Release;
		};
		D1C1E9EF2778B68000CC632B /* Debug */ = {
			isa = XCBuildConfiguration;
			buildSettings = {
				ALWAYS_EMBED_SWIFT_STANDARD_LIBRARIES = YES;
				CODE_SIGN_STYLE = Automatic;
				CURRENT_PROJECT_VERSION = 1;
				GENERATE_INFOPLIST_FILE = YES;
				MARKETING_VERSION = 1.0;
				PRODUCT_BUNDLE_IDENTIFIER = com.logarithm.ClueUITests;
				PRODUCT_NAME = "$(TARGET_NAME)";
				SWIFT_EMIT_LOC_STRINGS = NO;
				SWIFT_VERSION = 5.0;
				TARGETED_DEVICE_FAMILY = "1,2";
				TEST_TARGET_NAME = Clue;
			};
			name = Debug;
		};
		D1C1E9F02778B68000CC632B /* Release */ = {
			isa = XCBuildConfiguration;
			buildSettings = {
				ALWAYS_EMBED_SWIFT_STANDARD_LIBRARIES = YES;
				CODE_SIGN_STYLE = Automatic;
				CURRENT_PROJECT_VERSION = 1;
				GENERATE_INFOPLIST_FILE = YES;
				MARKETING_VERSION = 1.0;
				PRODUCT_BUNDLE_IDENTIFIER = com.logarithm.ClueUITests;
				PRODUCT_NAME = "$(TARGET_NAME)";
				SWIFT_EMIT_LOC_STRINGS = NO;
				SWIFT_VERSION = 5.0;
				TARGETED_DEVICE_FAMILY = "1,2";
				TEST_TARGET_NAME = Clue;
			};
			name = Release;
		};
/* End XCBuildConfiguration section */

/* Begin XCConfigurationList section */
		D1C1E9BF2778B67E00CC632B /* Build configuration list for PBXProject "Clue" */ = {
			isa = XCConfigurationList;
			buildConfigurations = (
				D1C1E9E62778B68000CC632B /* Debug */,
				D1C1E9E72778B68000CC632B /* Release */,
			);
			defaultConfigurationIsVisible = 0;
			defaultConfigurationName = Release;
		};
		D1C1E9E82778B68000CC632B /* Build configuration list for PBXNativeTarget "Clue" */ = {
			isa = XCConfigurationList;
			buildConfigurations = (
				D1C1E9E92778B68000CC632B /* Debug */,
				D1C1E9EA2778B68000CC632B /* Release */,
			);
			defaultConfigurationIsVisible = 0;
			defaultConfigurationName = Release;
		};
		D1C1E9EB2778B68000CC632B /* Build configuration list for PBXNativeTarget "ClueTests" */ = {
			isa = XCConfigurationList;
			buildConfigurations = (
				D1C1E9EC2778B68000CC632B /* Debug */,
				D1C1E9ED2778B68000CC632B /* Release */,
			);
			defaultConfigurationIsVisible = 0;
			defaultConfigurationName = Release;
		};
		D1C1E9EE2778B68000CC632B /* Build configuration list for PBXNativeTarget "ClueUITests" */ = {
			isa = XCConfigurationList;
			buildConfigurations = (
				D1C1E9EF2778B68000CC632B /* Debug */,
				D1C1E9F02778B68000CC632B /* Release */,
			);
			defaultConfigurationIsVisible = 0;
			defaultConfigurationName = Release;
		};
/* End XCConfigurationList section */
	};
	rootObject = D1C1E9BC2778B67E00CC632B /* Project object */;
}
